{
  "projects": [
    {
      "projectId": "22sdoN4aX8y6Pu1pTjChkF",
      "version": "latest",
      "dependencies": {},
      "lang": "ts",
      "fileLocks": [
        {
          "type": "globalVariant",
          "assetId": "0MRtZvbV1AFI8D",
          "checksum": "64fdf9ee1b872c3e7510d02843ff4bd1"
        },
        {
          "type": "globalVariant",
          "assetId": "2ix5DLKYnXaUWp",
          "checksum": "8ba4c809f87677656ef05f7df7668847"
        },
        {
          "assetId": "22sdoN4aX8y6Pu1pTjChkF",
          "type": "projectCss",
          "checksum": "ceb0182f730b5c24ce21ea74c3a6adda"
        },
        {
          "type": "renderModule",
          "assetId": "4XQyBigQ7enoX",
          "checksum": "97d81b98605509fce30d74bd6eb95b2b"
        },
        {
          "type": "cssRules",
          "assetId": "4XQyBigQ7enoX",
          "checksum": "97d81b98605509fce30d74bd6eb95b2b"
        },
        {
          "type": "renderModule",
          "assetId": "5pNgdi1r2ZWc-",
          "checksum": "da332aa18fd4f90656fa3d45126d8229"
        },
        {
          "type": "cssRules",
          "assetId": "5pNgdi1r2ZWc-",
          "checksum": "da332aa18fd4f90656fa3d45126d8229"
        },
        {
          "type": "renderModule",
          "assetId": "Ge6blaFqXPk2a",
          "checksum": "14903078ca30aa206989b58707c87b6c"
        },
        {
          "type": "cssRules",
          "assetId": "Ge6blaFqXPk2a",
          "checksum": "14903078ca30aa206989b58707c87b6c"
        },
        {
          "type": "renderModule",
          "assetId": "KQA99gjpzsJSP",
          "checksum": "252cdc1efd0d1d259a3f13585ec19470"
        },
        {
          "type": "cssRules",
          "assetId": "KQA99gjpzsJSP",
          "checksum": "252cdc1efd0d1d259a3f13585ec19470"
        },
        {
          "type": "renderModule",
          "assetId": "2fIsiJagsVkuCk",
          "checksum": "448894834d40c02a60a1ddb269a5fcd1"
        },
        {
          "type": "cssRules",
          "assetId": "2fIsiJagsVkuCk",
          "checksum": "448894834d40c02a60a1ddb269a5fcd1"
        },
        {
          "type": "renderModule",
          "assetId": "-mj8jmaQDFolXk",
          "checksum": "b38a73ea8e711f13ac590a460581350f"
        },
        {
          "type": "cssRules",
          "assetId": "-mj8jmaQDFolXk",
          "checksum": "b38a73ea8e711f13ac590a460581350f"
        },
        {
          "type": "renderModule",
          "assetId": "RwkehVoWyk84TR",
          "checksum": "baf1900221e0823122f82dc2edd68a0d"
        },
        {
          "type": "cssRules",
          "assetId": "RwkehVoWyk84TR",
          "checksum": "baf1900221e0823122f82dc2edd68a0d"
        },
        {
          "type": "renderModule",
          "assetId": "l8nnCJICe83CkL",
          "checksum": "fb3b02d339fe28cb30bb56ff3ff7a6ab"
        },
        {
          "type": "cssRules",
          "assetId": "l8nnCJICe83CkL",
          "checksum": "fb3b02d339fe28cb30bb56ff3ff7a6ab"
        },
        {
          "type": "renderModule",
          "assetId": "eZWnvjMgxXz0vo",
          "checksum": "c186aabb8194dc688b7853cbedb88179"
        },
        {
          "type": "cssRules",
          "assetId": "eZWnvjMgxXz0vo",
          "checksum": "c186aabb8194dc688b7853cbedb88179"
        },
        {
          "type": "renderModule",
          "assetId": "XTzV6FOZp6kPZF",
          "checksum": "ff932716139bd0d2ae61526c3b7dff94"
        },
        {
          "type": "cssRules",
          "assetId": "XTzV6FOZp6kPZF",
          "checksum": "ff932716139bd0d2ae61526c3b7dff94"
        },
        {
          "type": "renderModule",
          "assetId": "nlG4zwvQiCYdkX",
          "checksum": "523ee97e3a4b75363ce92124ba50f01e"
        },
        {
          "type": "cssRules",
          "assetId": "nlG4zwvQiCYdkX",
          "checksum": "523ee97e3a4b75363ce92124ba50f01e"
        },
        {
          "type": "renderModule",
          "assetId": "HVk2b3e2ZXoqlG",
          "checksum": "64afbdaae538273d18672eaab367fb7a"
        },
        {
          "type": "cssRules",
          "assetId": "HVk2b3e2ZXoqlG",
          "checksum": "64afbdaae538273d18672eaab367fb7a"
        },
        {
          "type": "renderModule",
          "assetId": "eNqGZxXVZ_LgQf",
          "checksum": "bfe787d8d327be9c922ca2584c246f76"
        },
        {
          "type": "cssRules",
          "assetId": "eNqGZxXVZ_LgQf",
          "checksum": "bfe787d8d327be9c922ca2584c246f76"
        },
        {
          "type": "renderModule",
          "assetId": "cocPCq_tN9Lcen",
          "checksum": "5f56a3420c5779da6459de853119ca2b"
        },
        {
          "type": "cssRules",
          "assetId": "cocPCq_tN9Lcen",
          "checksum": "5f56a3420c5779da6459de853119ca2b"
        },
        {
          "type": "renderModule",
          "assetId": "khFbRdDXz6fylP",
          "checksum": "b00f0f4eceeca343016bb702ec68a7b6"
        },
        {
          "type": "cssRules",
          "assetId": "khFbRdDXz6fylP",
          "checksum": "b00f0f4eceeca343016bb702ec68a7b6"
        },
        {
          "type": "renderModule",
          "assetId": "ZoAxdtPgmi7IU9",
          "checksum": "4c24880654ec263b14a0611f712af571"
        },
        {
          "type": "cssRules",
          "assetId": "ZoAxdtPgmi7IU9",
          "checksum": "4c24880654ec263b14a0611f712af571"
        },
        {
          "type": "renderModule",
          "assetId": "FLSawYJ68YjHOS",
          "checksum": "453dc7b6c7dc57e262cc34dcf764c4d8"
        },
        {
          "type": "cssRules",
          "assetId": "FLSawYJ68YjHOS",
          "checksum": "453dc7b6c7dc57e262cc34dcf764c4d8"
        },
        {
          "type": "renderModule",
          "assetId": "aaCjmpDK1mRWNV",
          "checksum": "2b5ee7f4956f5e00ee1f47f727db95ff"
        },
        {
          "type": "cssRules",
          "assetId": "aaCjmpDK1mRWNV",
          "checksum": "2b5ee7f4956f5e00ee1f47f727db95ff"
        },
        {
          "type": "renderModule",
          "assetId": "cyzVTNUAvEmF3V",
          "checksum": "e94c953b302742ffcf97f43eeb0f8ea7"
        },
        {
          "type": "cssRules",
          "assetId": "cyzVTNUAvEmF3V",
          "checksum": "e94c953b302742ffcf97f43eeb0f8ea7"
        },
        {
          "type": "renderModule",
          "assetId": "QY_TxoSUUTJfDw",
          "checksum": "389e73784ebc165c1229156f5d596ba7"
        },
        {
          "type": "cssRules",
          "assetId": "QY_TxoSUUTJfDw",
          "checksum": "389e73784ebc165c1229156f5d596ba7"
        },
        {
          "type": "renderModule",
          "assetId": "SKEGE57ywhpzqy",
          "checksum": "7f174df6a837d2d825dfb0ffbad600f0"
        },
        {
          "type": "cssRules",
          "assetId": "SKEGE57ywhpzqy",
          "checksum": "7f174df6a837d2d825dfb0ffbad600f0"
        },
        {
          "type": "renderModule",
          "assetId": "SXdIN0VA4a2nJu",
          "checksum": "e0b202c55a1ce44a1a189f7468e64a39"
        },
        {
          "type": "cssRules",
          "assetId": "SXdIN0VA4a2nJu",
          "checksum": "e0b202c55a1ce44a1a189f7468e64a39"
        },
        {
          "type": "renderModule",
          "assetId": "Vo3wpNbKv2be11",
          "checksum": "aab7591948a1368428b5c5bbc6e92360"
        },
        {
          "type": "cssRules",
          "assetId": "Vo3wpNbKv2be11",
          "checksum": "aab7591948a1368428b5c5bbc6e92360"
        },
        {
          "type": "renderModule",
          "assetId": "otPdDgODX-n5De",
          "checksum": "47890f638ee6b73e7303cf047c53c11c"
        },
        {
          "type": "cssRules",
          "assetId": "otPdDgODX-n5De",
          "checksum": "47890f638ee6b73e7303cf047c53c11c"
        },
        {
          "type": "renderModule",
          "assetId": "i0lYnyqtSwaOI9",
          "checksum": "397c75184a5913cd0c905fc4d887cda6"
        },
        {
          "type": "cssRules",
          "assetId": "i0lYnyqtSwaOI9",
          "checksum": "397c75184a5913cd0c905fc4d887cda6"
        },
        {
          "type": "icon",
          "assetId": "bnHDD3jwDYmIDK",
          "checksum": "6974f00f2087ac9e263ce0276d82cc14"
        },
        {
          "type": "icon",
          "assetId": "nDci97oZZg8tZn",
          "checksum": "ff9814dd71223509389f58dac7ef97af"
        },
        {
          "type": "icon",
          "assetId": "QpzBfcbWSAbTuO",
          "checksum": "4a10f060a40e83d4e6d2cb669aa9dbd0"
        },
        {
          "type": "icon",
          "assetId": "rgVEHx_O4JVatY",
          "checksum": "445f1cf7a5f2f2d69030cda84cea8e45"
        },
        {
          "type": "icon",
          "assetId": "DyijSpL5ETAPCK",
          "checksum": "f2f47a891836fea7cb41dcab1b4376ba"
        },
        {
          "type": "icon",
          "assetId": "ok1rgGDMnRa3OM",
          "checksum": "365bc0f3e33e9c1a9362b0fc24e55776"
        },
        {
          "type": "icon",
          "assetId": "SH2PqLiOL45atW",
          "checksum": "36fa4db0348c6a99e7d341bbbccdf380"
        },
        {
          "type": "icon",
          "assetId": "7GnShiXH8Pyate",
          "checksum": "275d2d4ee235ff6bd78af1d022e50d73"
        },
        {
          "type": "icon",
          "assetId": "c3OLkoi5jQr0pw",
          "checksum": "fbb71297ec5c45bfa86ca84b810101df"
        },
        {
          "type": "icon",
          "assetId": "i7DnFJV8JSe-d8",
          "checksum": "eefc65bf59d8c847e1ed8563763923ce"
        },
        {
          "type": "icon",
          "assetId": "jvn5RQGD-HBeN_",
          "checksum": "e63d1ff364a35c67717579718f90b1d2"
        },
        {
          "type": "icon",
          "assetId": "x6NjYb4bpM_hkU",
          "checksum": "c92526970becbb76e05aa0dfa4a2dc0d"
        },
        {
          "type": "icon",
          "assetId": "e07a9FqIlFWbl4",
          "checksum": "e23a33607c1e243382f374dc9499b458"
        },
        {
          "type": "icon",
          "assetId": "HI8UbnspYUnZfG",
          "checksum": "3382768baf5a293e09a64e690d1c0ca8"
        },
        {
          "type": "icon",
          "assetId": "R6y3opsO3CPRgE",
          "checksum": "5670de43a8b29311147d2a6e58e3b87c"
        },
        {
          "type": "icon",
          "assetId": "Vj0dq6RwU1qShN",
          "checksum": "55371676393ba996bb9a33e0131bc92c"
        },
        {
          "type": "icon",
          "assetId": "A6IvY11YhuA8_i",
          "checksum": "e25da3c2074bc99afa5550d89d48acd5"
        },
        {
          "type": "icon",
          "assetId": "yj8piA4rKVSZsM",
          "checksum": "5ec7cb804526a8d6335d4bc258277255"
        },
        {
          "type": "icon",
          "assetId": "hQQ3Exco7rcTf8",
          "checksum": "dd2c6cd1a0a1fd111170ab9ac861a0c0"
        },
        {
          "type": "icon",
          "assetId": "nWg0eQOrKmcqfr",
          "checksum": "bea8afaf561e77f3d1b090306fff15bc"
        },
        {
          "type": "icon",
          "assetId": "B57dNDY04uvU_z",
          "checksum": "1940195a8f09db9e7fc4888cb67a09c1"
        },
        {
          "type": "icon",
          "assetId": "SfWt14iu7RCXd9",
          "checksum": "2883a6cbc7e1f9f48ebc50a5081aab16"
        },
        {
          "type": "icon",
          "assetId": "SI5W4izpcUM4Gr",
          "checksum": "d20d0aee85a763f1c306e0070f995ea9"
        },
        {
          "type": "icon",
          "assetId": "STAEQvM9yrMWCn",
          "checksum": "876335fc77745ac3aec49d78ac80d876"
        },
        {
          "type": "icon",
          "assetId": "6M3FtYjYVdLJLi",
          "checksum": "71d928e0c01a8c28f3fad5a5855eb9fa"
        },
        {
          "type": "icon",
          "assetId": "V1O7ebakElak3b",
          "checksum": "5d98e7aa53db616238cbd7d177c73697"
        },
        {
          "type": "icon",
          "assetId": "36GjQQj_wwaXwa",
          "checksum": "5d51e97c033dc807b16dc8f5a2ac3095"
        },
        {
          "type": "icon",
          "assetId": "XuS-6wLiwnSEVz",
          "checksum": "59ea187a6d67203373aabec96c8984ba"
        },
        {
          "type": "icon",
          "assetId": "g1dJJ1GyoZp1ot",
          "checksum": "586dd551f98423ed7293c93be826e55b"
        },
        {
          "type": "icon",
          "assetId": "TTxCEXy_IEhRQ-",
          "checksum": "011aa7d6810cb8235e8d3fd7d720b8ce"
        },
        {
          "type": "icon",
          "assetId": "QdYe-0i9wz6J4l",
          "checksum": "06f5ea5f399aa1adfb1f7ddbeb636156"
        },
        {
          "type": "icon",
          "assetId": "mgfJBR0a74cVTd",
          "checksum": "3a1b6ab3bdffab8fce60d98b873a42d3"
        },
        {
          "type": "icon",
          "assetId": "y02tiEKy0sFfUZ",
          "checksum": "13f8225c2629dcb025d2f7446b0cbc7f"
        },
        {
          "type": "icon",
          "assetId": "uLNR-1Fwl3fTLM",
          "checksum": "927cc74e200390048d2de5fb7db05a3a"
        },
        {
          "type": "icon",
          "assetId": "mVfNah6p5kqFum",
          "checksum": "ee3527268289ae38ab8b9e1ebb80ef16"
        },
        {
          "type": "icon",
          "assetId": "ehuV-SoYz6yEvI",
          "checksum": "7dd32637ed29f9eaf0f0b30ffa7ed6c9"
        },
        {
          "type": "icon",
          "assetId": "Ie23ZcpKbEUeAe",
          "checksum": "7ded4ff25b06a422e2d4db75e30d05ba"
        },
        {
          "type": "icon",
          "assetId": "mKLLiDG2hF3w5a",
          "checksum": "f3ba805f7c4f16558043f41449c60670"
        },
        {
          "type": "icon",
          "assetId": "gmY5azDxzj7U52",
          "checksum": "453420bd19c361552636d2ac6cfd5881"
        },
        {
          "type": "image",
          "assetId": "9QXewkgBNyuNEh",
          "checksum": "a430ba73d3ce3af6f6bb50d3a8158806"
        },
        {
          "type": "image",
          "assetId": "UyJMxgx1iNbSun",
          "checksum": "fc977f857c5fae85801aa1ada52a73f4"
        },
        {
          "type": "image",
          "assetId": "UzKHXjHmrNpWJw",
          "checksum": "1624dd44c7e381f5ee8c3876ebdf850f"
        },
        {
          "type": "image",
          "assetId": "jMK9hiSXn7SSm-",
          "checksum": "9030c7f22b80bf7c0aaa38ed8e261ae9"
        },
        {
          "type": "image",
          "assetId": "W4e817_MbkUKlB",
          "checksum": "b1de5b53d1f3b1e45b8d5b7f3626c6f5"
        },
        {
          "type": "image",
          "assetId": "fy6RGNaoKlFkxE",
          "checksum": "5f142d8ebcfa9b28b2e8a7f31e1ae637"
        },
        {
          "type": "image",
          "assetId": "osoynfr65cZ5ZL",
          "checksum": "7cd193c24e7935bdd243eba4056d1407"
        },
        {
          "type": "image",
          "assetId": "aTr78CM8I-081O",
          "checksum": "24cc5eb5f78a335a2c20854fc858064a"
        },
        {
          "type": "image",
          "assetId": "m4nNEOZz_wbku-",
          "checksum": "fa56cd08717dc4dd89c15e3c9a7d21f9"
        },
        {
          "type": "image",
          "assetId": "3Y37vutY8n_Mrm",
          "checksum": "627d230bec0fdf70acc289e21b21d1ef"
        },
        {
          "type": "image",
          "assetId": "o14WdaZGXce_Ii",
          "checksum": "8a52bbcf0c06b67f8817a05647aff523"
        },
        {
          "type": "image",
          "assetId": "byBhHDklSMpQfL",
          "checksum": "aab25c986721cb10d028ea4d6db7ad32"
        },
        {
          "type": "image",
          "assetId": "C8Bi_aolbHDPvP",
          "checksum": "210e1a7163afaaefb7d37f1fb4cf311d"
        },
        {
          "type": "image",
          "assetId": "tQeE4ZpEx6tvaR",
          "checksum": "7b3f779ace76d2c29ca91c860e7f3554"
        },
        {
          "type": "image",
          "assetId": "B8wGb09AU7caCx",
          "checksum": "d1e6111d8da4ed2f9dbc7b287aa6278f"
        },
        {
          "type": "image",
          "assetId": "YwyJLkHYRQ74-o",
          "checksum": "f3649b5748598ced51da2e29ab3812e5"
        },
        {
          "type": "image",
          "assetId": "Uxa31wZg7sd47E",
          "checksum": "c7ffe73031307dc815afd1b57367b61b"
        },
        {
          "type": "image",
          "assetId": "Zdepa-z6aojgBr",
          "checksum": "afa7e97637752362726c187a648dae6e"
        },
        {
          "type": "image",
          "assetId": "ygTiR3U9_XiRCS",
          "checksum": "6705a19964fc9d8c989cd86bcd75a33c"
        },
        {
          "type": "image",
          "assetId": "eA9Qnf0HVT98XI",
          "checksum": "2c16b4662937d3fc8f86bca505062037"
        },
        {
          "type": "image",
          "assetId": "DeGHvks2nzYic4",
          "checksum": "8a22d4034c8d4c627ab852a07fea488d"
        },
        {
          "type": "image",
          "assetId": "8lTb_BB39jK2m2",
          "checksum": "0f74e164066b3520d5f134f0986633d5"
        },
        {
          "type": "image",
          "assetId": "mTpfzLxCzawwh1",
          "checksum": "f03cd75842876649e14403c9897d8663"
        },
        {
          "type": "image",
          "assetId": "jct-fJpX40p3x9",
          "checksum": "99685db81f46ca2afe10e8a7719c0c9f"
        },
        {
          "type": "image",
          "assetId": "2v9KRGtCVmAxG3",
          "checksum": "87e55aa2946ba59d61e1221d945cd0fc"
        },
        {
          "type": "image",
          "assetId": "Kp8y17qsr1N9Eo",
          "checksum": "9264b986e19110186d015a0f59940fc5"
        },
        {
          "type": "image",
          "assetId": "YLSVpgY01W2WKk",
          "checksum": "ee29d0494cab1fa7b5c6ac99b7317bd8"
        },
        {
          "type": "image",
          "assetId": "SgVdXEjpbek5eX",
          "checksum": "952650f338d89b786a1a51414214e54d"
        },
        {
          "type": "image",
          "assetId": "ZXRuH3ntTE4CBW",
          "checksum": "2779568a5c5fbeab856f764d071fef26"
        },
        {
          "type": "image",
          "assetId": "PlNJttvYnfKQYg",
          "checksum": "f8e8816aeecbd4d3bf07bcac0d8740fd"
        },
        {
          "type": "image",
          "assetId": "Ciw-HdrTSLhbPa",
          "checksum": "c7ccab2d88f216cd2875161099488444"
        },
        {
          "type": "image",
          "assetId": "BlvMP4SwFTcHWd",
          "checksum": "7181d704e774bf90b8d76c9ece61bd98"
        },
        {
          "type": "image",
          "assetId": "zemQ5RZeNkT2Oc",
          "checksum": "0af9c1fbc37e432ed717364d82197789"
        },
        {
          "type": "image",
          "assetId": "YaeCeTl2MhWTNi",
          "checksum": "2d2a5de9fce0914363c0b733269c5917"
        },
        {
          "type": "image",
          "assetId": "gWCrb23Of68fjA",
          "checksum": "726753293b29bb1594c2deee33cefb0b"
        },
        {
          "type": "image",
          "assetId": "amGyjqgw6bpUN1",
          "checksum": "80fa33531bfd585c7e115510dfff7a94"
        },
        {
          "type": "image",
          "assetId": "M5Kv4V8ZstLxfG",
          "checksum": "149c6482101aff0b27c3592d5ea92e8f"
        },
        {
          "type": "image",
          "assetId": "c7xlIyt2pukXn-",
          "checksum": "b62aa64ccea89f896a87f1343ac7f9bb"
        },
        {
          "type": "image",
          "assetId": "cL8qxF3uiFG-V3",
          "checksum": "e6d1e5d0302707e87f391e9ced537ffd"
        },
        {
          "type": "image",
          "assetId": "cIA44oEyqRU2bZ",
          "checksum": "b706c9ff1bad4c598aa3397d3dda36a8"
        },
        {
          "type": "image",
          "assetId": "lep_b9XHXDNHza",
          "checksum": "3d51aa23599cf0fa7c6f08f7e776613e"
        },
        {
          "type": "image",
          "assetId": "eWLBq53U7-Es3h",
          "checksum": "5ce6badeed630051b7d4d4e4d8d7366d"
        },
        {
          "type": "image",
          "assetId": "5jVzZEzbUMOMjb",
          "checksum": "16738df3cf160e92e9ba3987ef273162"
        },
        {
          "type": "image",
          "assetId": "4kxptj1PZk9GnT",
          "checksum": "940392947366b55f5982e631d1d1b5dd"
        },
        {
          "type": "image",
          "assetId": "r2fvU1dnUOGUzN",
          "checksum": "4fa0d72fd5fff38c44582c31225ec0b9"
        },
        {
          "type": "image",
          "assetId": "cPbTnIizbBhVXR",
          "checksum": "1441fbb6859468078cada920f34138c3"
        },
        {
          "type": "image",
          "assetId": "Kix3ZTdYO_C7Ox",
          "checksum": "7732d3c406ddbca2b7b38e296f25a814"
        },
        {
          "type": "image",
          "assetId": "tKSvBKDu1bcYpy",
          "checksum": "d574521e8ccb21ec11ee5079cb8f5d7e"
        },
        {
          "type": "image",
          "assetId": "J6jy9oq5wtDbB-",
          "checksum": "78707592c3a38475b1d71bba56b310fd"
        },
        {
          "type": "image",
          "assetId": "6DiCy8jX7GJr9S",
          "checksum": "01bfad988225e02c4c7d84e2cc8acfcd"
        },
        {
          "type": "image",
          "assetId": "B6fQRLeXSWAATF",
          "checksum": "0bd837bb262660b2e3854a11ce0af62a"
        },
        {
          "type": "image",
          "assetId": "SbsRiKPfnd8fuo",
          "checksum": "ebd13d04cf240100c8a44c08e02e1b88"
        },
        {
          "type": "image",
          "assetId": "YDPs-nZj4TxSht",
          "checksum": "8f56d766344bb1e4703d2808a20681d9"
        },
        {
          "type": "image",
          "assetId": "QMqn_W_GyZrhOK",
          "checksum": "250636f4f81fe41a49a4b651979626b4"
        },
        {
          "type": "image",
          "assetId": "NJfsrUSjjk3WwY",
          "checksum": "09f2c2dec4971b8dfc83a7a4af24bb79"
        },
        {
          "type": "image",
          "assetId": "EV_Nzg3oIYudLS",
          "checksum": "1721da0cda51dc6546fc0ac8ca08868c"
        },
        {
          "type": "image",
          "assetId": "HudZyT4uelumis",
          "checksum": "8b4b2480a2ff2888c8263c720e12e392"
        },
        {
          "type": "image",
          "assetId": "SYLSY37s0FWdN7",
          "checksum": "23d1e28f7f25466c9fc8e682b61d7a70"
        },
        {
          "type": "image",
          "assetId": "3kw7yIEx8n_vHs",
          "checksum": "d1d9c456bbcf01112d249ed2465bcc4b"
        },
        {
          "type": "image",
          "assetId": "woUeFQQ78TVEQx",
          "checksum": "760707cf9a0b18bcb2bcce630a133859"
        },
        {
          "type": "image",
          "assetId": "AoeVTFjuYLO8aH",
          "checksum": "8af852e64ba567768b5440289995fef9"
        },
        {
          "type": "image",
          "assetId": "Ew_AIYC4YV0__z",
          "checksum": "78ea71d987a96c1428376046018a8d9d"
        },
        {
          "type": "image",
          "assetId": "4UPf_syCyguiYe",
          "checksum": "c646fc1e116c0287e718e4ef6c5b95f4"
        },
        {
          "type": "image",
          "assetId": "InmjlJ3MIYSCgp",
          "checksum": "1ab786c987d0c28c2c4fc60f6447452d"
        },
        {
          "type": "image",
          "assetId": "g2lGaS8SXRvVP7",
          "checksum": "83e533e7f308b95e87098255ffcf2fbe"
        }
      ],
      "codegenVersion": "0.0.1"
    }
  ],
  "cliVersion": "0.1.176"
}
